// !$*UTF8*$!
{
	archiveVersion = 1;
	classes = {
	};
	objectVersion = 46;
	objects = {

/* Begin PBXBuildFile section */
		1BAABACF1E6AE927001F895E /* AppDelegate.swift in Sources */ = {isa = PBXBuildFile; fileRef = 1BAABACE1E6AE927001F895E /* AppDelegate.swift */; };
		1BAABAD61E6AE927001F895E /* Assets.xcassets in Resources */ = {isa = PBXBuildFile; fileRef = 1BAABAD51E6AE927001F895E /* Assets.xcassets */; };
		1BAABAD91E6AE927001F895E /* LaunchScreen.storyboard in Resources */ = {isa = PBXBuildFile; fileRef = 1BAABAD71E6AE927001F895E /* LaunchScreen.storyboard */; };
		1BAABAE71E6AE95B001F895E /* Main.storyboard in Resources */ = {isa = PBXBuildFile; fileRef = 1BAABAE21E6AE95B001F895E /* Main.storyboard */; };
		1BAABAE81E6AE95B001F895E /* BasicUITextFieldViewController.swift in Sources */ = {isa = PBXBuildFile; fileRef = 1BAABAE31E6AE95B001F895E /* BasicUITextFieldViewController.swift */; };
		1BAABAE91E6AE95B001F895E /* BasicUITextFieldWithDelegateViewController.swift in Sources */ = {isa = PBXBuildFile; fileRef = 1BAABAE41E6AE95B001F895E /* BasicUITextFieldWithDelegateViewController.swift */; };
		1BAABAEA1E6AE95B001F895E /* BasicUITextFieldWithDelegate2ViewController.swift in Sources */ = {isa = PBXBuildFile; fileRef = 1BAABAE51E6AE95B001F895E /* BasicUITextFieldWithDelegate2ViewController.swift */; };
		1BAABAEB1E6AE95B001F895E /* UITextFieldInsideTableViewController.swift in Sources */ = {isa = PBXBuildFile; fileRef = 1BAABAE61E6AE95B001F895E /* UITextFieldInsideTableViewController.swift */; };
/* End PBXBuildFile section */

/* Begin PBXFileReference section */
		1BAABACB1E6AE927001F895E /* IOS10UITextField.app */ = {isa = PBXFileReference; explicitFileType = wrapper.application; includeInIndex = 0; path = IOS10UITextField.app; sourceTree = BUILT_PRODUCTS_DIR; };
		1BAABACE1E6AE927001F895E /* AppDelegate.swift */ = {isa = PBXFileReference; lastKnownFileType = sourcecode.swift; path = AppDelegate.swift; sourceTree = "<group>"; };
		1BAABAD51E6AE927001F895E /* Assets.xcassets */ = {isa = PBXFileReference; lastKnownFileType = folder.assetcatalog; path = Assets.xcassets; sourceTree = "<group>"; };
		1BAABAD81E6AE927001F895E /* Base */ = {isa = PBXFileReference; lastKnownFileType = file.storyboard; name = Base; path = Base.lproj/LaunchScreen.storyboard; sourceTree = "<group>"; };
		1BAABADA1E6AE927001F895E /* Info.plist */ = {isa = PBXFileReference; lastKnownFileType = text.plist.xml; path = Info.plist; sourceTree = "<group>"; };
		1BAABAE21E6AE95B001F895E /* Main.storyboard */ = {isa = PBXFileReference; fileEncoding = 4; lastKnownFileType = file.storyboard; path = Main.storyboard; sourceTree = "<group>"; };
		1BAABAE31E6AE95B001F895E /* BasicUITextFieldViewController.swift */ = {isa = PBXFileReference; fileEncoding = 4; lastKnownFileType = sourcecode.swift; path = BasicUITextFieldViewController.swift; sourceTree = "<group>"; };
		1BAABAE41E6AE95B001F895E /* BasicUITextFieldWithDelegateViewController.swift */ = {isa = PBXFileReference; fileEncoding = 4; lastKnownFileType = sourcecode.swift; path = BasicUITextFieldWithDelegateViewController.swift; sourceTree = "<group>"; };
		1BAABAE51E6AE95B001F895E /* BasicUITextFieldWithDelegate2ViewController.swift */ = {isa = PBXFileReference; fileEncoding = 4; lastKnownFileType = sourcecode.swift; path = BasicUITextFieldWithDelegate2ViewController.swift; sourceTree = "<group>"; };
		1BAABAE61E6AE95B001F895E /* UITextFieldInsideTableViewController.swift */ = {isa = PBXFileReference; fileEncoding = 4; lastKnownFileType = sourcecode.swift; path = UITextFieldInsideTableViewController.swift; sourceTree = "<group>"; };
/* End PBXFileReference section */

/* Begin PBXFrameworksBuildPhase section */
		1BAABAC81E6AE927001F895E /* Frameworks */ = {
			isa = PBXFrameworksBuildPhase;
			buildActionMask = 2147483647;
			files = (
			);
			runOnlyForDeploymentPostprocessing = 0;
		};
/* End PBXFrameworksBuildPhase section */

/* Begin PBXGroup section */
		1BAABAC21E6AE927001F895E = {
			isa = PBXGroup;
			children = (
				1BAABACD1E6AE927001F895E /* IOS10UITextField */,
				1BAABACC1E6AE927001F895E /* Products */,
			);
			sourceTree = "<group>";
		};
		1BAABACC1E6AE927001F895E /* Products */ = {
			isa = PBXGroup;
			children = (
				1BAABACB1E6AE927001F895E /* IOS10UITextField.app */,
			);
			name = Products;
			sourceTree = "<group>";
		};
		1BAABACD1E6AE927001F895E /* IOS10UITextField */ = {
			isa = PBXGroup;
			children = (
				1BAABACE1E6AE927001F895E /* AppDelegate.swift */,
				1BAABAE21E6AE95B001F895E /* Main.storyboard */,
				1BAABAE31E6AE95B001F895E /* BasicUITextFieldViewController.swift */,
				1BAABAE41E6AE95B001F895E /* BasicUITextFieldWithDelegateViewController.swift */,
				1BAABAE51E6AE95B001F895E /* BasicUITextFieldWithDelegate2ViewController.swift */,
				1BAABAE61E6AE95B001F895E /* UITextFieldInsideTableViewController.swift */,
				1BAABAD51E6AE927001F895E /* Assets.xcassets */,
				1BAABAD71E6AE927001F895E /* LaunchScreen.storyboard */,
				1BAABADA1E6AE927001F895E /* Info.plist */,
			);
			path = IOS10UITextField;
			sourceTree = "<group>";
		};
/* End PBXGroup section */

/* Begin PBXNativeTarget section */
		1BAABACA1E6AE927001F895E /* IOS10UITextField */ = {
			isa = PBXNativeTarget;
			buildConfigurationList = 1BAABADD1E6AE927001F895E /* Build configuration list for PBXNativeTarget "IOS10UITextField" */;
			buildPhases = (
				1BAABAC71E6AE927001F895E /* Sources */,
				1BAABAC81E6AE927001F895E /* Frameworks */,
				1BAABAC91E6AE927001F895E /* Resources */,
			);
			buildRules = (
			);
			dependencies = (
			);
			name = IOS10UITextField;
			productName = IOS10UITextField;
			productReference = 1BAABACB1E6AE927001F895E /* IOS10UITextField.app */;
			productType = "com.apple.product-type.application";
		};
/* End PBXNativeTarget section */

/* Begin PBXProject section */
		1BAABAC31E6AE927001F895E /* Project object */ = {
			isa = PBXProject;
			attributes = {
				LastSwiftUpdateCheck = 0820;
				LastUpgradeCheck = 0820;
				ORGANIZATIONNAME = "Arthit Thongpan";
				TargetAttributes = {
					1BAABACA1E6AE927001F895E = {
						CreatedOnToolsVersion = 8.2.1;
						DevelopmentTeam = GR7H762DHA;
						ProvisioningStyle = Automatic;
					};
				};
			};
			buildConfigurationList = 1BAABAC61E6AE927001F895E /* Build configuration list for PBXProject "IOS10UITextField" */;
			compatibilityVersion = "Xcode 3.2";
			developmentRegion = English;
			hasScannedForEncodings = 0;
			knownRegions = (
				en,
				Base,
			);
			mainGroup = 1BAABAC21E6AE927001F895E;
			productRefGroup = 1BAABACC1E6AE927001F895E /* Products */;
			projectDirPath = "";
			projectRoot = "";
			targets = (
				1BAABACA1E6AE927001F895E /* IOS10UITextField */,
			);
		};
/* End PBXProject section */

/* Begin PBXResourcesBuildPhase section */
		1BAABAC91E6AE927001F895E /* Resources */ = {
			isa = PBXResourcesBuildPhase;
			buildActionMask = 2147483647;
			files = (
				1BAABAD91E6AE927001F895E /* LaunchScreen.storyboard in Resources */,
				1BAABAE71E6AE95B001F895E /* Main.storyboard in Resources */,
				1BAABAD61E6AE927001F895E /* Assets.xcassets in Resources */,
			);
			runOnlyForDeploymentPostprocessing = 0;
		};
/* End PBXResourcesBuildPhase section */

/* Begin PBXSourcesBuildPhase section */
		1BAABAC71E6AE927001F895E /* Sources */ = {
			isa = PBXSourcesBuildPhase;
			buildActionMask = 2147483647;
			files = (
				1BAABAEB1E6AE95B001F895E /* UITextFieldInsideTableViewController.swift in Sources */,
				1BAABACF1E6AE927001F895E /* AppDelegate.swift in Sources */,
				1BAABAEA1E6AE95B001F895E /* BasicUITextFieldWithDelegate2ViewController.swift in Sources */,
				1BAABAE81E6AE95B001F895E /* BasicUITextFieldViewController.swift in Sources */,
				1BAABAE91E6AE95B001F895E /* BasicUITextFieldWithDelegateViewController.swift in Sources */,
			);
			runOnlyForDeploymentPostprocessing = 0;
		};
/* End PBXSourcesBuildPhase section */

/* Begin PBXVariantGroup section */
		1BAABAD71E6AE927001F895E /* LaunchScreen.storyboard */ = {
			isa = PBXVariantGroup;
			children = (
				1BAABAD81E6AE927001F895E /* Base */,
			);
			name = LaunchScreen.storyboard;
			sourceTree = "<group>";
		};
/* End PBXVariantGroup section */

/* Begin XCBuildConfiguration section */
		1BAABADB1E6AE927001F895E /* Debug */ = {
			isa = XCBuildConfiguration;
			buildSettings = {
				ALWAYS_SEARCH_USER_PATHS = NO;
				CLANG_ANALYZER_NONNULL = YES;
				CLANG_CXX_LANGUAGE_STANDARD = "gnu++0x";
				CLANG_CXX_LIBRARY = "libc++";
				CLANG_ENABLE_MODULES = YES;
				CLANG_ENABLE_OBJC_ARC = YES;
				CLANG_WARN_BOOL_CONVERSION = YES;
				CLANG_WARN_CONSTANT_CONVERSION = YES;
				CLANG_WARN_DIRECT_OBJC_ISA_USAGE = YES_ERROR;
				CLANG_WARN_DOCUMENTATION_COMMENTS = YES;
				CLANG_WARN_EMPTY_BODY = YES;
				CLANG_WARN_ENUM_CONVERSION = YES;
				CLANG_WARN_INFINITE_RECURSION = YES;
				CLANG_WARN_INT_CONVERSION = YES;
				CLANG_WARN_OBJC_ROOT_CLASS = YES_ERROR;
				CLANG_WARN_SUSPICIOUS_MOVE = YES;
				CLANG_WARN_UNREACHABLE_CODE = YES;
				CLANG_WARN__DUPLICATE_METHOD_MATCH = YES;
				"CODE_SIGN_IDENTITY[sdk=iphoneos*]" = "iPhone Developer";
				COPY_PHASE_STRIP = NO;
				DEBUG_INFORMATION_FORMAT = dwarf;
				ENABLE_STRICT_OBJC_MSGSEND = YES;
				ENABLE_TESTABILITY = YES;
				GCC_C_LANGUAGE_STANDARD = gnu99;
				GCC_DYNAMIC_NO_PIC = NO;
				GCC_NO_COMMON_BLOCKS = YES;
				GCC_OPTIMIZATION_LEVEL = 0;
				GCC_PREPROCESSOR_DEFINITIONS = (
					"DEBUG=1",
					"$(inherited)",
				);
				GCC_WARN_64_TO_32_BIT_CONVERSION = YES;
				GCC_WARN_ABOUT_RETURN_TYPE = YES_ERROR;
				GCC_WARN_UNDECLARED_SELECTOR = YES;
				GCC_WARN_UNINITIALIZED_AUTOS = YES_AGGRESSIVE;
				GCC_WARN_UNUSED_FUNCTION = YES;
				GCC_WARN_UNUSED_VARIABLE = YES;
				IPHONEOS_DEPLOYMENT_TARGET = 10.2;
				MTL_ENABLE_DEBUG_INFO = YES;
				ONLY_ACTIVE_ARCH = YES;
				SDKROOT = iphoneos;
				SWIFT_ACTIVE_COMPILATION_CONDITIONS = DEBUG;
				SWIFT_OPTIMIZATION_LEVEL = "-Onone";
				TARGETED_DEVICE_FAMILY = "1,2";
			};
			name = Debug;
		};
		1BAABADC1E6AE927001F895E /* Release */ = {
			isa = XCBuildConfiguration;
			buildSettings = {
				ALWAYS_SEARCH_USER_PATHS = NO;
				CLANG_ANALYZER_NONNULL = YES;
				CLANG_CXX_LANGUAGE_STANDARD = "gnu++0x";
				CLANG_CXX_LIBRARY = "libc++";
				CLANG_ENABLE_MODULES = YES;
				CLANG_ENABLE_OBJC_ARC = YES;
				CLANG_WARN_BOOL_CONVERSION = YES;
				CLANG_WARN_CONSTANT_CONVERSION = YES;
				CLANG_WARN_DIRECT_OBJC_ISA_USAGE = YES_ERROR;
				CLANG_WARN_DOCUMENTATION_COMMENTS = YES;
				CLANG_WARN_EMPTY_BODY = YES;
				CLANG_WARN_ENUM_CONVERSION = YES;
				CLANG_WARN_INFINITE_RECURSION = YES;
				CLANG_WARN_INT_CONVERSION = YES;
				CLANG_WARN_OBJC_ROOT_CLASS = YES_ERROR;
				CLANG_WARN_SUSPICIOUS_MOVE = YES;
				CLANG_WARN_UNREACHABLE_CODE = YES;
				CLANG_WARN__DUPLICATE_METHOD_MATCH = YES;
				"CODE_SIGN_IDENTITY[sdk=iphoneos*]" = "iPhone Developer";
				COPY_PHASE_STRIP = NO;
				DEBUG_INFORMATION_FORMAT = "dwarf-with-dsym";
				ENABLE_NS_ASSERTIONS = NO;
				ENABLE_STRICT_OBJC_MSGSEND = YES;
				GCC_C_LANGUAGE_STANDARD = gnu99;
				GCC_NO_COMMON_BLOCKS = YES;
				GCC_WARN_64_TO_32_BIT_CONVERSION = YES;
				GCC_WARN_ABOUT_RETURN_TYPE = YES_ERROR;
				GCC_WARN_UNDECLARED_SELECTOR = YES;
				GCC_WARN_UNINITIALIZED_AUTOS = YES_AGGRESSIVE;
				GCC_WARN_UNUSED_FUNCTION = YES;
				GCC_WARN_UNUSED_VARIABLE = YES;
				IPHONEOS_DEPLOYMENT_TARGET = 10.2;
				MTL_ENABLE_DEBUG_INFO = NO;
				SDKROOT = iphoneos;
				SWIFT_OPTIMIZATION_LEVEL = "-Owholemodule";
				TARGETED_DEVICE_FAMILY = "1,2";
				VALIDATE_PRODUCT = YES;
			};
			name = Release;
		};
		1BAABADE1E6AE927001F895E /* Debug */ = {
			isa = XCBuildConfiguration;
			buildSettings = {
				ASSETCATALOG_COMPILER_APPICON_NAME = AppIcon;
				DEVELOPMENT_TEAM = GR7H762DHA;
				INFOPLIST_FILE = IOS10UITextField/Info.plist;
				LD_RUNPATH_SEARCH_PATHS = "$(inherited) @executable_path/Frameworks";
				PRODUCT_BUNDLE_IDENTIFIER = com.arthit.IOS10UITextField;
				PRODUCT_NAME = "$(TARGET_NAME)";
				SWIFT_VERSION = 3.0;
			};
			name = Debug;
		};
		1BAABADF1E6AE927001F895E /* Release */ = {
			isa = XCBuildConfiguration;
			buildSettings = {
				ASSETCATALOG_COMPILER_APPICON_NAME = AppIcon;
				DEVELOPMENT_TEAM = GR7H762DHA;
				INFOPLIST_FILE = IOS10UITextField/Info.plist;
				LD_RUNPATH_SEARCH_PATHS = "$(inherited) @executable_path/Frameworks";
				PRODUCT_BUNDLE_IDENTIFIER = com.arthit.IOS10UITextField;
				PRODUCT_NAME = "$(TARGET_NAME)";
				SWIFT_VERSION = 3.0;
			};
			name = Release;
		};
/* End XCBuildConfiguration section */

/* Begin XCConfigurationList section */
		1BAABAC61E6AE927001F895E /* Build configuration list for PBXProject "IOS10UITextField" */ = {
			isa = XCConfigurationList;
			buildConfigurations = (
				1BAABADB1E6AE927001F895E /* Debug */,
				1BAABADC1E6AE927001F895E /* Release */,
			);
			defaultConfigurationIsVisible = 0;
			defaultConfigurationName = Release;
		};
		1BAABADD1E6AE927001F895E /* Build configuration list for PBXNativeTarget "IOS10UITextField" */ = {
			isa = XCConfigurationList;
			buildConfigurations = (
				1BAABADE1E6AE927001F895E /* Debug */,
				1BAABADF1E6AE927001F895E /* Release */,
			);
			defaultConfigurationIsVisible = 0;
		};
/* End XCConfigurationList section */
	};
	rootObject = 1BAABAC31E6AE927001F895E /* Project object */;
}
